// !$*UTF8*$!
{
	archiveVersion = 1;
	classes = {
	};
	objectVersion = 46;
	objects = {

/* Begin PBXBuildFile section */
		392B08CB2071FC3B0087E192 /* ValidParenthese.swift in Sources */ = {isa = PBXBuildFile; fileRef = 392B08CA2071FC3B0087E192 /* ValidParenthese.swift */; };
		395847F91E25FDB6002F7EEF /* Combinatorics.swift in Sources */ = {isa = PBXBuildFile; fileRef = 395847F81E25FDB6002F7EEF /* Combinatorics.swift */; };
		39791D131E137C730075E5F3 /* main.swift in Sources */ = {isa = PBXBuildFile; fileRef = 39791D121E137C730075E5F3 /* main.swift */; };
		3990B2002070A6EF0090AC68 /* String_To_Integer(atoi).swift in Sources */ = {isa = PBXBuildFile; fileRef = 3990B1FF2070A6EF0090AC68 /* String_To_Integer(atoi).swift */; };
		3990B2022070B6D60090AC68 /* Helpers.swift in Sources */ = {isa = PBXBuildFile; fileRef = 3990B2012070B6D60090AC68 /* Helpers.swift */; };
		39C412CD206F4687002A0A9B /* Longest_Palindromic_Substring.swift in Sources */ = {isa = PBXBuildFile; fileRef = 39C412CC206F4687002A0A9B /* Longest_Palindromic_Substring.swift */; };
		39C412CF206F4954002A0A9B /* ZigZag_Conversion.swift in Sources */ = {isa = PBXBuildFile; fileRef = 39C412CE206F4954002A0A9B /* ZigZag_Conversion.swift */; };
		39D6696B206DF7CF00F6288E /* Benchmark.swift in Sources */ = {isa = PBXBuildFile; fileRef = 39D6696A206DF7CF00F6288E /* Benchmark.swift */; };
		39EB66B41E2C606A00EBE918 /* NumberTheory.swift in Sources */ = {isa = PBXBuildFile; fileRef = 39EB66B31E2C606A00EBE918 /* NumberTheory.swift */; };
/* End PBXBuildFile section */

/* Begin PBXCopyFilesBuildPhase section */
		39791D0D1E137C720075E5F3 /* CopyFiles */ = {
			isa = PBXCopyFilesBuildPhase;
			buildActionMask = 2147483647;
			dstPath = /usr/share/man/man1/;
			dstSubfolderSpec = 0;
			files = (
			);
			runOnlyForDeploymentPostprocessing = 1;
		};
/* End PBXCopyFilesBuildPhase section */

/* Begin PBXFileReference section */
		392B08CA2071FC3B0087E192 /* ValidParenthese.swift */ = {isa = PBXFileReference; lastKnownFileType = sourcecode.swift; path = ValidParenthese.swift; sourceTree = "<group>"; };
		395847F81E25FDB6002F7EEF /* Combinatorics.swift */ = {isa = PBXFileReference; fileEncoding = 4; lastKnownFileType = sourcecode.swift; path = Combinatorics.swift; sourceTree = "<group>"; };
		39791D0F1E137C730075E5F3 /* Algorithm */ = {isa = PBXFileReference; explicitFileType = "compiled.mach-o.executable"; includeInIndex = 0; path = Algorithm; sourceTree = BUILT_PRODUCTS_DIR; };
		39791D121E137C730075E5F3 /* main.swift */ = {isa = PBXFileReference; lastKnownFileType = sourcecode.swift; path = main.swift; sourceTree = "<group>"; };
		3990B1FF2070A6EF0090AC68 /* String_To_Integer(atoi).swift */ = {isa = PBXFileReference; lastKnownFileType = sourcecode.swift; path = "String_To_Integer(atoi).swift"; sourceTree = "<group>"; };
		3990B2012070B6D60090AC68 /* Helpers.swift */ = {isa = PBXFileReference; lastKnownFileType = sourcecode.swift; path = Helpers.swift; sourceTree = "<group>"; };
		39C412CC206F4687002A0A9B /* Longest_Palindromic_Substring.swift */ = {isa = PBXFileReference; lastKnownFileType = sourcecode.swift; path = Longest_Palindromic_Substring.swift; sourceTree = "<group>"; };
		39C412CE206F4954002A0A9B /* ZigZag_Conversion.swift */ = {isa = PBXFileReference; lastKnownFileType = sourcecode.swift; path = ZigZag_Conversion.swift; sourceTree = "<group>"; };
		39D6696A206DF7CF00F6288E /* Benchmark.swift */ = {isa = PBXFileReference; lastKnownFileType = sourcecode.swift; path = Benchmark.swift; sourceTree = "<group>"; };
		39EB66B31E2C606A00EBE918 /* NumberTheory.swift */ = {isa = PBXFileReference; fileEncoding = 4; lastKnownFileType = sourcecode.swift; path = NumberTheory.swift; sourceTree = "<group>"; };
/* End PBXFileReference section */

/* Begin PBXFrameworksBuildPhase section */
		39791D0C1E137C720075E5F3 /* Frameworks */ = {
			isa = PBXFrameworksBuildPhase;
			buildActionMask = 2147483647;
			files = (
			);
			runOnlyForDeploymentPostprocessing = 0;
		};
/* End PBXFrameworksBuildPhase section */

/* Begin PBXGroup section */
		39791D061E137C720075E5F3 = {
			isa = PBXGroup;
			children = (
				39791D111E137C730075E5F3 /* Algorithm */,
				39791D101E137C730075E5F3 /* Products */,
			);
			sourceTree = "<group>";
		};
		39791D101E137C730075E5F3 /* Products */ = {
			isa = PBXGroup;
			children = (
				39791D0F1E137C730075E5F3 /* Algorithm */,
			);
			name = Products;
			sourceTree = "<group>";
		};
		39791D111E137C730075E5F3 /* Algorithm */ = {
			isa = PBXGroup;
			children = (
				39C412CB206F4669002A0A9B /* Leetcode */,
				39791D121E137C730075E5F3 /* main.swift */,
				395847F81E25FDB6002F7EEF /* Combinatorics.swift */,
				39EB66B31E2C606A00EBE918 /* NumberTheory.swift */,
				39D6696A206DF7CF00F6288E /* Benchmark.swift */,
				3990B2012070B6D60090AC68 /* Helpers.swift */,
			);
			path = Algorithm;
			sourceTree = "<group>";
		};
		39C412CB206F4669002A0A9B /* Leetcode */ = {
			isa = PBXGroup;
			children = (
				39C412CC206F4687002A0A9B /* Longest_Palindromic_Substring.swift */,
				39C412CE206F4954002A0A9B /* ZigZag_Conversion.swift */,
				3990B1FF2070A6EF0090AC68 /* String_To_Integer(atoi).swift */,
				392B08CA2071FC3B0087E192 /* ValidParenthese.swift */,
			);
			path = Leetcode;
			sourceTree = "<group>";
		};
/* End PBXGroup section */

/* Begin PBXNativeTarget section */
		39791D0E1E137C720075E5F3 /* Algorithm */ = {
			isa = PBXNativeTarget;
			buildConfigurationList = 39791D161E137C730075E5F3 /* Build configuration list for PBXNativeTarget "Algorithm" */;
			buildPhases = (
				39791D0B1E137C720075E5F3 /* Sources */,
				39791D0C1E137C720075E5F3 /* Frameworks */,
				39791D0D1E137C720075E5F3 /* CopyFiles */,
			);
			buildRules = (
			);
			dependencies = (
			);
			name = Algorithm;
			productName = Algorithm;
			productReference = 39791D0F1E137C730075E5F3 /* Algorithm */;
			productType = "com.apple.product-type.tool";
		};
/* End PBXNativeTarget section */

/* Begin PBXProject section */
		39791D071E137C720075E5F3 /* Project object */ = {
			isa = PBXProject;
			attributes = {
				LastSwiftUpdateCheck = 0820;
				LastUpgradeCheck = 0820;
				ORGANIZATIONNAME = "Kam Hei Siu";
				TargetAttributes = {
					39791D0E1E137C720075E5F3 = {
						CreatedOnToolsVersion = 8.2.1;
						DevelopmentTeam = J7X9SXGFF7;
						ProvisioningStyle = Automatic;
					};
				};
			};
			buildConfigurationList = 39791D0A1E137C720075E5F3 /* Build configuration list for PBXProject "Algorithm" */;
			compatibilityVersion = "Xcode 3.2";
			developmentRegion = English;
			hasScannedForEncodings = 0;
			knownRegions = (
				en,
			);
			mainGroup = 39791D061E137C720075E5F3;
			productRefGroup = 39791D101E137C730075E5F3 /* Products */;
			projectDirPath = "";
			projectRoot = "";
			targets = (
				39791D0E1E137C720075E5F3 /* Algorithm */,
			);
		};
/* End PBXProject section */

/* Begin PBXSourcesBuildPhase section */
		39791D0B1E137C720075E5F3 /* Sources */ = {
			isa = PBXSourcesBuildPhase;
			buildActionMask = 2147483647;
			files = (
				39C412CD206F4687002A0A9B /* Longest_Palindromic_Substring.swift in Sources */,
				39EB66B41E2C606A00EBE918 /* NumberTheory.swift in Sources */,
				392B08CB2071FC3B0087E192 /* ValidParenthese.swift in Sources */,
				39D6696B206DF7CF00F6288E /* Benchmark.swift in Sources */,
				3990B2022070B6D60090AC68 /* Helpers.swift in Sources */,
				3990B2002070A6EF0090AC68 /* String_To_Integer(atoi).swift in Sources */,
				39C412CF206F4954002A0A9B /* ZigZag_Conversion.swift in Sources */,
				39791D131E137C730075E5F3 /* main.swift in Sources */,
				395847F91E25FDB6002F7EEF /* Combinatorics.swift in Sources */,
			);
			runOnlyForDeploymentPostprocessing = 0;
		};
/* End PBXSourcesBuildPhase section */

/* Begin XCBuildConfiguration section */
		39791D141E137C730075E5F3 /* Debug */ = {
			isa = XCBuildConfiguration;
			buildSettings = {
				ALWAYS_SEARCH_USER_PATHS = NO;
				CLANG_ANALYZER_NONNULL = YES;
				CLANG_CXX_LANGUAGE_STANDARD = "gnu++0x";
				CLANG_CXX_LIBRARY = "libc++";
				CLANG_ENABLE_MODULES = YES;
				CLANG_ENABLE_OBJC_ARC = YES;
				CLANG_WARN_BOOL_CONVERSION = YES;
				CLANG_WARN_CONSTANT_CONVERSION = YES;
				CLANG_WARN_DIRECT_OBJC_ISA_USAGE = YES_ERROR;
				CLANG_WARN_DOCUMENTATION_COMMENTS = YES;
				CLANG_WARN_EMPTY_BODY = YES;
				CLANG_WARN_ENUM_CONVERSION = YES;
				CLANG_WARN_INFINITE_RECURSION = YES;
				CLANG_WARN_INT_CONVERSION = YES;
				CLANG_WARN_OBJC_ROOT_CLASS = YES_ERROR;
				CLANG_WARN_SUSPICIOUS_MOVE = YES;
				CLANG_WARN_UNREACHABLE_CODE = YES;
				CLANG_WARN__DUPLICATE_METHOD_MATCH = YES;
				CODE_SIGN_IDENTITY = "-";
				COPY_PHASE_STRIP = NO;
				DEBUG_INFORMATION_FORMAT = dwarf;
				ENABLE_STRICT_OBJC_MSGSEND = YES;
				ENABLE_TESTABILITY = YES;
				GCC_C_LANGUAGE_STANDARD = gnu99;
				GCC_DYNAMIC_NO_PIC = NO;
				GCC_NO_COMMON_BLOCKS = YES;
				GCC_OPTIMIZATION_LEVEL = 0;
				GCC_PREPROCESSOR_DEFINITIONS = (
					"DEBUG=1",
					"$(inherited)",
				);
				GCC_WARN_64_TO_32_BIT_CONVERSION = YES;
				GCC_WARN_ABOUT_RETURN_TYPE = YES_ERROR;
				GCC_WARN_UNDECLARED_SELECTOR = YES;
				GCC_WARN_UNINITIALIZED_AUTOS = YES_AGGRESSIVE;
				GCC_WARN_UNUSED_FUNCTION = YES;
				GCC_WARN_UNUSED_VARIABLE = YES;
				MACOSX_DEPLOYMENT_TARGET = 10.12;
				MTL_ENABLE_DEBUG_INFO = YES;
				ONLY_ACTIVE_ARCH = YES;
				SDKROOT = macosx;
				SWIFT_OPTIMIZATION_LEVEL = "-Onone";
			};
			name = Debug;
		};
		39791D151E137C730075E5F3 /* Release */ = {
			isa = XCBuildConfiguration;
			buildSettings = {
				ALWAYS_SEARCH_USER_PATHS = NO;
				CLANG_ANALYZER_NONNULL = YES;
				CLANG_CXX_LANGUAGE_STANDARD = "gnu++0x";
				CLANG_CXX_LIBRARY = "libc++";
				CLANG_ENABLE_MODULES = YES;
				CLANG_ENABLE_OBJC_ARC = YES;
				CLANG_WARN_BOOL_CONVERSION = YES;
				CLANG_WARN_CONSTANT_CONVERSION = YES;
				CLANG_WARN_DIRECT_OBJC_ISA_USAGE = YES_ERROR;
				CLANG_WARN_DOCUMENTATION_COMMENTS = YES;
				CLANG_WARN_EMPTY_BODY = YES;
				CLANG_WARN_ENUM_CONVERSION = YES;
				CLANG_WARN_INFINITE_RECURSION = YES;
				CLANG_WARN_INT_CONVERSION = YES;
				CLANG_WARN_OBJC_ROOT_CLASS = YES_ERROR;
				CLANG_WARN_SUSPICIOUS_MOVE = YES;
				CLANG_WARN_UNREACHABLE_CODE = YES;
				CLANG_WARN__DUPLICATE_METHOD_MATCH = YES;
				CODE_SIGN_IDENTITY = "-";
				COPY_PHASE_STRIP = NO;
				DEBUG_INFORMATION_FORMAT = "dwarf-with-dsym";
				ENABLE_NS_ASSERTIONS = NO;
				ENABLE_STRICT_OBJC_MSGSEND = YES;
				GCC_C_LANGUAGE_STANDARD = gnu99;
				GCC_NO_COMMON_BLOCKS = YES;
				GCC_WARN_64_TO_32_BIT_CONVERSION = YES;
				GCC_WARN_ABOUT_RETURN_TYPE = YES_ERROR;
				GCC_WARN_UNDECLARED_SELECTOR = YES;
				GCC_WARN_UNINITIALIZED_AUTOS = YES_AGGRESSIVE;
				GCC_WARN_UNUSED_FUNCTION = YES;
				GCC_WARN_UNUSED_VARIABLE = YES;
				MACOSX_DEPLOYMENT_TARGET = 10.12;
				MTL_ENABLE_DEBUG_INFO = NO;
				SDKROOT = macosx;
			};
			name = Release;
		};
		39791D171E137C730075E5F3 /* Debug */ = {
			isa = XCBuildConfiguration;
			buildSettings = {
				DEVELOPMENT_TEAM = J7X9SXGFF7;
				PRODUCT_NAME = "$(TARGET_NAME)";
				SWIFT_VERSION = 3.0;
			};
			name = Debug;
		};
		39791D181E137C730075E5F3 /* Release */ = {
			isa = XCBuildConfiguration;
			buildSettings = {
				DEVELOPMENT_TEAM = J7X9SXGFF7;
				PRODUCT_NAME = "$(TARGET_NAME)";
				SWIFT_VERSION = 3.0;
			};
			name = Release;
		};
/* End XCBuildConfiguration section */

/* Begin XCConfigurationList section */
		39791D0A1E137C720075E5F3 /* Build configuration list for PBXProject "Algorithm" */ = {
			isa = XCConfigurationList;
			buildConfigurations = (
				39791D141E137C730075E5F3 /* Debug */,
				39791D151E137C730075E5F3 /* Release */,
			);
			defaultConfigurationIsVisible = 0;
			defaultConfigurationName = Release;
		};
		39791D161E137C730075E5F3 /* Build configuration list for PBXNativeTarget "Algorithm" */ = {
			isa = XCConfigurationList;
			buildConfigurations = (
				39791D171E137C730075E5F3 /* Debug */,
				39791D181E137C730075E5F3 /* Release */,
			);
			defaultConfigurationIsVisible = 0;
			defaultConfigurationName = Release;
		};
/* End XCConfigurationList section */
	};
	rootObject = 39791D071E137C720075E5F3 /* Project object */;
}
